// !$*UTF8*$!
{
	archiveVersion = 1;
	classes = {
	};
	objectVersion = 46;
	objects = {

/* Begin PBXBuildFile section */
		063D44821C96649800204B22 /* DetailCell.m in Sources */ = {isa = PBXBuildFile; fileRef = 063D44811C96649800204B22 /* DetailCell.m */; };
		063D44881C9716EE00204B22 /* CommonCell.m in Sources */ = {isa = PBXBuildFile; fileRef = 063D44871C9716EE00204B22 /* CommonCell.m */; };
		063D448C1C9719FC00204B22 /* UIView+Frame.m in Sources */ = {isa = PBXBuildFile; fileRef = 063D448B1C9719FC00204B22 /* UIView+Frame.m */; };
		063D44911C97B2EF00204B22 /* DetailHeader.xib in Resources */ = {isa = PBXBuildFile; fileRef = 063D44901C97B2EF00204B22 /* DetailHeader.xib */; };
		06F207BF1C8C59A100F9ADCD /* main.m in Sources */ = {isa = PBXBuildFile; fileRef = 06F207BE1C8C59A100F9ADCD /* main.m */; };
		06F207C21C8C59A200F9ADCD /* AppDelegate.m in Sources */ = {isa = PBXBuildFile; fileRef = 06F207C11C8C59A200F9ADCD /* AppDelegate.m */; };
		06F207CB1C8C59A200F9ADCD /* Main.storyboard in Resources */ = {isa = PBXBuildFile; fileRef = 06F207C91C8C59A200F9ADCD /* Main.storyboard */; };
		06F207CD1C8C59A200F9ADCD /* Assets.xcassets in Resources */ = {isa = PBXBuildFile; fileRef = 06F207CC1C8C59A200F9ADCD /* Assets.xcassets */; };
		06F207D01C8C59A200F9ADCD /* LaunchScreen.storyboard in Resources */ = {isa = PBXBuildFile; fileRef = 06F207CE1C8C59A200F9ADCD /* LaunchScreen.storyboard */; };
		06F207D91C8C663000F9ADCD /* LatestArticlesViewController.m in Sources */ = {isa = PBXBuildFile; fileRef = 06F207D81C8C663000F9ADCD /* LatestArticlesViewController.m */; };
		06F207DD1C8C7F0D00F9ADCD /* ArticleCell.m in Sources */ = {isa = PBXBuildFile; fileRef = 06F207DC1C8C7F0D00F9ADCD /* ArticleCell.m */; };
		06F207E31C8E789200F9ADCD /* TTNetworkTools.m in Sources */ = {isa = PBXBuildFile; fileRef = 06F207E21C8E789200F9ADCD /* TTNetworkTools.m */; };
		06F207E61C8FC7A200F9ADCD /* ArticleModel.m in Sources */ = {isa = PBXBuildFile; fileRef = 06F207E51C8FC7A200F9ADCD /* ArticleModel.m */; };
		06F207E91C8FC86F00F9ADCD /* ResponseModel.m in Sources */ = {isa = PBXBuildFile; fileRef = 06F207E81C8FC86F00F9ADCD /* ResponseModel.m */; };
		06F207ED1C9323EF00F9ADCD /* ArticleDetailModel.m in Sources */ = {isa = PBXBuildFile; fileRef = 06F207EC1C9323EF00F9ADCD /* ArticleDetailModel.m */; };
		06F207F41C9535C200F9ADCD /* ArticleDetailViewController.m in Sources */ = {isa = PBXBuildFile; fileRef = 06F207F21C9535C200F9ADCD /* ArticleDetailViewController.m */; };
		06F207F71C9536FA00F9ADCD /* ArticleDetail.storyboard in Resources */ = {isa = PBXBuildFile; fileRef = 06F207F61C9536FA00F9ADCD /* ArticleDetail.storyboard */; };
		2B7BD49C129D403794725C7F /* libPods.a in Frameworks */ = {isa = PBXBuildFile; fileRef = 47FD8149ED929E55B07A789C /* libPods.a */; };
/* End PBXBuildFile section */

/* Begin PBXFileReference section */
		063D44801C96649800204B22 /* DetailCell.h */ = {isa = PBXFileReference; fileEncoding = 4; lastKnownFileType = sourcecode.c.h; path = DetailCell.h; sourceTree = "<group>"; };
		063D44811C96649800204B22 /* DetailCell.m */ = {isa = PBXFileReference; fileEncoding = 4; lastKnownFileType = sourcecode.c.objc; path = DetailCell.m; sourceTree = "<group>"; };
		063D44861C9716EE00204B22 /* CommonCell.h */ = {isa = PBXFileReference; fileEncoding = 4; lastKnownFileType = sourcecode.c.h; path = CommonCell.h; sourceTree = "<group>"; };
		063D44871C9716EE00204B22 /* CommonCell.m */ = {isa = PBXFileReference; fileEncoding = 4; lastKnownFileType = sourcecode.c.objc; path = CommonCell.m; sourceTree = "<group>"; };
		063D448A1C9719FC00204B22 /* UIView+Frame.h */ = {isa = PBXFileReference; fileEncoding = 4; lastKnownFileType = sourcecode.c.h; path = "UIView+Frame.h"; sourceTree = "<group>"; };
		063D448B1C9719FC00204B22 /* UIView+Frame.m */ = {isa = PBXFileReference; fileEncoding = 4; lastKnownFileType = sourcecode.c.objc; path = "UIView+Frame.m"; sourceTree = "<group>"; };
		063D448D1C97B0FB00204B22 /* Macro.h */ = {isa = PBXFileReference; lastKnownFileType = sourcecode.c.h; path = Macro.h; sourceTree = "<group>"; };
		063D44901C97B2EF00204B22 /* DetailHeader.xib */ = {isa = PBXFileReference; fileEncoding = 4; lastKnownFileType = file.xib; path = DetailHeader.xib; sourceTree = "<group>"; };
		06F207BA1C8C59A100F9ADCD /* Toutiao.app */ = {isa = PBXFileReference; explicitFileType = wrapper.application; includeInIndex = 0; path = Toutiao.app; sourceTree = BUILT_PRODUCTS_DIR; };
		06F207BE1C8C59A100F9ADCD /* main.m */ = {isa = PBXFileReference; lastKnownFileType = sourcecode.c.objc; path = main.m; sourceTree = "<group>"; };
		06F207C01C8C59A100F9ADCD /* AppDelegate.h */ = {isa = PBXFileReference; lastKnownFileType = sourcecode.c.h; path = AppDelegate.h; sourceTree = "<group>"; };
		06F207C11C8C59A200F9ADCD /* AppDelegate.m */ = {isa = PBXFileReference; lastKnownFileType = sourcecode.c.objc; path = AppDelegate.m; sourceTree = "<group>"; };
		06F207CA1C8C59A200F9ADCD /* Base */ = {isa = PBXFileReference; lastKnownFileType = file.storyboard; name = Base; path = Base.lproj/Main.storyboard; sourceTree = "<group>"; };
		06F207CC1C8C59A200F9ADCD /* Assets.xcassets */ = {isa = PBXFileReference; lastKnownFileType = folder.assetcatalog; path = Assets.xcassets; sourceTree = "<group>"; };
		06F207CF1C8C59A200F9ADCD /* Base */ = {isa = PBXFileReference; lastKnownFileType = file.storyboard; name = Base; path = Base.lproj/LaunchScreen.storyboard; sourceTree = "<group>"; };
		06F207D11C8C59A200F9ADCD /* Info.plist */ = {isa = PBXFileReference; lastKnownFileType = text.plist.xml; path = Info.plist; sourceTree = "<group>"; };
		06F207D71C8C663000F9ADCD /* LatestArticlesViewController.h */ = {isa = PBXFileReference; fileEncoding = 4; lastKnownFileType = sourcecode.c.h; path = LatestArticlesViewController.h; sourceTree = "<group>"; };
		06F207D81C8C663000F9ADCD /* LatestArticlesViewController.m */ = {isa = PBXFileReference; fileEncoding = 4; lastKnownFileType = sourcecode.c.objc; path = LatestArticlesViewController.m; sourceTree = "<group>"; };
		06F207DB1C8C7F0D00F9ADCD /* ArticleCell.h */ = {isa = PBXFileReference; fileEncoding = 4; lastKnownFileType = sourcecode.c.h; path = ArticleCell.h; sourceTree = "<group>"; };
		06F207DC1C8C7F0D00F9ADCD /* ArticleCell.m */ = {isa = PBXFileReference; fileEncoding = 4; lastKnownFileType = sourcecode.c.objc; path = ArticleCell.m; sourceTree = "<group>"; };
		06F207DF1C8D264C00F9ADCD /* ToutiaoPrefix.pch */ = {isa = PBXFileReference; lastKnownFileType = sourcecode.c.h; path = ToutiaoPrefix.pch; sourceTree = "<group>"; };
		06F207E11C8E789200F9ADCD /* TTNetworkTools.h */ = {isa = PBXFileReference; fileEncoding = 4; lastKnownFileType = sourcecode.c.h; path = TTNetworkTools.h; sourceTree = "<group>"; };
		06F207E21C8E789200F9ADCD /* TTNetworkTools.m */ = {isa = PBXFileReference; fileEncoding = 4; lastKnownFileType = sourcecode.c.objc; path = TTNetworkTools.m; sourceTree = "<group>"; };
		06F207E41C8FC7A200F9ADCD /* ArticleModel.h */ = {isa = PBXFileReference; fileEncoding = 4; lastKnownFileType = sourcecode.c.h; path = ArticleModel.h; sourceTree = "<group>"; };
		06F207E51C8FC7A200F9ADCD /* ArticleModel.m */ = {isa = PBXFileReference; fileEncoding = 4; lastKnownFileType = sourcecode.c.objc; path = ArticleModel.m; sourceTree = "<group>"; };
		06F207E71C8FC86F00F9ADCD /* ResponseModel.h */ = {isa = PBXFileReference; fileEncoding = 4; lastKnownFileType = sourcecode.c.h; path = ResponseModel.h; sourceTree = "<group>"; };
		06F207E81C8FC86F00F9ADCD /* ResponseModel.m */ = {isa = PBXFileReference; fileEncoding = 4; lastKnownFileType = sourcecode.c.objc; path = ResponseModel.m; sourceTree = "<group>"; };
		06F207EB1C9323EF00F9ADCD /* ArticleDetailModel.h */ = {isa = PBXFileReference; fileEncoding = 4; lastKnownFileType = sourcecode.c.h; path = ArticleDetailModel.h; sourceTree = "<group>"; };
		06F207EC1C9323EF00F9ADCD /* ArticleDetailModel.m */ = {isa = PBXFileReference; fileEncoding = 4; lastKnownFileType = sourcecode.c.objc; path = ArticleDetailModel.m; sourceTree = "<group>"; };
		06F207F11C9535C200F9ADCD /* ArticleDetailViewController.h */ = {isa = PBXFileReference; fileEncoding = 4; lastKnownFileType = sourcecode.c.h; path = ArticleDetailViewController.h; sourceTree = "<group>"; };
		06F207F21C9535C200F9ADCD /* ArticleDetailViewController.m */ = {isa = PBXFileReference; fileEncoding = 4; lastKnownFileType = sourcecode.c.objc; path = ArticleDetailViewController.m; sourceTree = "<group>"; };
		06F207F61C9536FA00F9ADCD /* ArticleDetail.storyboard */ = {isa = PBXFileReference; fileEncoding = 4; lastKnownFileType = file.storyboard; path = ArticleDetail.storyboard; sourceTree = "<group>"; };
		0815B25C305C247F43AC23A8 /* Pods.debug.xcconfig */ = {isa = PBXFileReference; includeInIndex = 1; lastKnownFileType = text.xcconfig; name = Pods.debug.xcconfig; path = "Pods/Target Support Files/Pods/Pods.debug.xcconfig"; sourceTree = "<group>"; };
		47FD8149ED929E55B07A789C /* libPods.a */ = {isa = PBXFileReference; explicitFileType = archive.ar; includeInIndex = 0; path = libPods.a; sourceTree = BUILT_PRODUCTS_DIR; };
		89179EAE100E49774BE111C5 /* Pods.release.xcconfig */ = {isa = PBXFileReference; includeInIndex = 1; lastKnownFileType = text.xcconfig; name = Pods.release.xcconfig; path = "Pods/Target Support Files/Pods/Pods.release.xcconfig"; sourceTree = "<group>"; };
/* End PBXFileReference section */

/* Begin PBXFrameworksBuildPhase section */
		06F207B71C8C59A100F9ADCD /* Frameworks */ = {
			isa = PBXFrameworksBuildPhase;
			buildActionMask = 2147483647;
			files = (
				2B7BD49C129D403794725C7F /* libPods.a in Frameworks */,
			);
			runOnlyForDeploymentPostprocessing = 0;
		};
/* End PBXFrameworksBuildPhase section */

/* Begin PBXGroup section */
		063D44891C97193600204B22 /* Other */ = {
			isa = PBXGroup;
			children = (
				063D448A1C9719FC00204B22 /* UIView+Frame.h */,
				063D448B1C9719FC00204B22 /* UIView+Frame.m */,
			);
			name = Other;
			sourceTree = "<group>";
		};
		06F207B11C8C59A100F9ADCD = {
			isa = PBXGroup;
			children = (
				06F207BC1C8C59A100F9ADCD /* Toutiao */,
				06F207BB1C8C59A100F9ADCD /* Products */,
				3A45CCB6B385E296C747ABCC /* Pods */,
				F873D02A43B8097E8857A33A /* Frameworks */,
			);
			sourceTree = "<group>";
		};
		06F207BB1C8C59A100F9ADCD /* Products */ = {
			isa = PBXGroup;
			children = (
				06F207BA1C8C59A100F9ADCD /* Toutiao.app */,
			);
			name = Products;
			sourceTree = "<group>";
		};
		06F207BC1C8C59A100F9ADCD /* Toutiao */ = {
			isa = PBXGroup;
			children = (
				063D44891C97193600204B22 /* Other */,
				06F207EA1C9323CB00F9ADCD /* Detail */,
				06F207E01C8E785E00F9ADCD /* Tools */,
				06F207DA1C8C7C5E00F9ADCD /* LatestArticals */,
				06F207C01C8C59A100F9ADCD /* AppDelegate.h */,
				06F207C11C8C59A200F9ADCD /* AppDelegate.m */,
				06F207DF1C8D264C00F9ADCD /* ToutiaoPrefix.pch */,
				06F207C91C8C59A200F9ADCD /* Main.storyboard */,
				06F207CC1C8C59A200F9ADCD /* Assets.xcassets */,
				063D448D1C97B0FB00204B22 /* Macro.h */,
				06F207CE1C8C59A200F9ADCD /* LaunchScreen.storyboard */,
				06F207D11C8C59A200F9ADCD /* Info.plist */,
				06F207BD1C8C59A100F9ADCD /* Supporting Files */,
			);
			path = Toutiao;
			sourceTree = "<group>";
		};
		06F207BD1C8C59A100F9ADCD /* Supporting Files */ = {
			isa = PBXGroup;
			children = (
				06F207BE1C8C59A100F9ADCD /* main.m */,
			);
			name = "Supporting Files";
			sourceTree = "<group>";
		};
		06F207DA1C8C7C5E00F9ADCD /* LatestArticals */ = {
			isa = PBXGroup;
			children = (
				06F207D81C8C663000F9ADCD /* LatestArticlesViewController.m */,
				06F207D71C8C663000F9ADCD /* LatestArticlesViewController.h */,
				06F207DB1C8C7F0D00F9ADCD /* ArticleCell.h */,
				06F207DC1C8C7F0D00F9ADCD /* ArticleCell.m */,
				06F207E41C8FC7A200F9ADCD /* ArticleModel.h */,
				06F207E51C8FC7A200F9ADCD /* ArticleModel.m */,
			);
			name = LatestArticals;
			sourceTree = "<group>";
		};
		06F207E01C8E785E00F9ADCD /* Tools */ = {
			isa = PBXGroup;
			children = (
				06F207E11C8E789200F9ADCD /* TTNetworkTools.h */,
				06F207E21C8E789200F9ADCD /* TTNetworkTools.m */,
				06F207E71C8FC86F00F9ADCD /* ResponseModel.h */,
				06F207E81C8FC86F00F9ADCD /* ResponseModel.m */,
			);
			name = Tools;
			sourceTree = "<group>";
		};
		06F207EA1C9323CB00F9ADCD /* Detail */ = {
			isa = PBXGroup;
			children = (
				06F207EB1C9323EF00F9ADCD /* ArticleDetailModel.h */,
				06F207EC1C9323EF00F9ADCD /* ArticleDetailModel.m */,
				06F207F11C9535C200F9ADCD /* ArticleDetailViewController.h */,
				06F207F21C9535C200F9ADCD /* ArticleDetailViewController.m */,
				06F207F61C9536FA00F9ADCD /* ArticleDetail.storyboard */,
				063D44801C96649800204B22 /* DetailCell.h */,
				063D44811C96649800204B22 /* DetailCell.m */,
				063D44861C9716EE00204B22 /* CommonCell.h */,
				063D44871C9716EE00204B22 /* CommonCell.m */,
				063D44901C97B2EF00204B22 /* DetailHeader.xib */,
			);
			name = Detail;
			sourceTree = "<group>";
		};
		3A45CCB6B385E296C747ABCC /* Pods */ = {
			isa = PBXGroup;
			children = (
				0815B25C305C247F43AC23A8 /* Pods.debug.xcconfig */,
				89179EAE100E49774BE111C5 /* Pods.release.xcconfig */,
			);
			name = Pods;
			sourceTree = "<group>";
		};
		F873D02A43B8097E8857A33A /* Frameworks */ = {
			isa = PBXGroup;
			children = (
				47FD8149ED929E55B07A789C /* libPods.a */,
			);
			name = Frameworks;
			sourceTree = "<group>";
		};
/* End PBXGroup section */

/* Begin PBXNativeTarget section */
		06F207B91C8C59A100F9ADCD /* Toutiao */ = {
			isa = PBXNativeTarget;
			buildConfigurationList = 06F207D41C8C59A200F9ADCD /* Build configuration list for PBXNativeTarget "Toutiao" */;
			buildPhases = (
				F5254AE42BB7D9A696A175AE /* Check Pods Manifest.lock */,
				06F207B61C8C59A100F9ADCD /* Sources */,
				06F207B71C8C59A100F9ADCD /* Frameworks */,
				06F207B81C8C59A100F9ADCD /* Resources */,
				9574C886712F7646A033B207 /* Embed Pods Frameworks */,
				EAF74268BE7403EA8F95EE08 /* Copy Pods Resources */,
			);
			buildRules = (
			);
			dependencies = (
			);
			name = Toutiao;
			productName = Toutiao;
			productReference = 06F207BA1C8C59A100F9ADCD /* Toutiao.app */;
			productType = "com.apple.product-type.application";
		};
/* End PBXNativeTarget section */

/* Begin PBXProject section */
		06F207B21C8C59A100F9ADCD /* Project object */ = {
			isa = PBXProject;
			attributes = {
				LastUpgradeCheck = 0720;
				ORGANIZATIONNAME = "蒋羽萌";
				TargetAttributes = {
					06F207B91C8C59A100F9ADCD = {
						CreatedOnToolsVersion = 7.2;
						DevelopmentTeam = WEVX4BK6PG;
					};
				};
			};
			buildConfigurationList = 06F207B51C8C59A100F9ADCD /* Build configuration list for PBXProject "Toutiao" */;
			compatibilityVersion = "Xcode 3.2";
			developmentRegion = English;
			hasScannedForEncodings = 0;
			knownRegions = (
				en,
				Base,
			);
			mainGroup = 06F207B11C8C59A100F9ADCD;
			productRefGroup = 06F207BB1C8C59A100F9ADCD /* Products */;
			projectDirPath = "";
			projectRoot = "";
			targets = (
				06F207B91C8C59A100F9ADCD /* Toutiao */,
			);
		};
/* End PBXProject section */

/* Begin PBXResourcesBuildPhase section */
		06F207B81C8C59A100F9ADCD /* Resources */ = {
			isa = PBXResourcesBuildPhase;
			buildActionMask = 2147483647;
			files = (
				063D44911C97B2EF00204B22 /* DetailHeader.xib in Resources */,
				06F207D01C8C59A200F9ADCD /* LaunchScreen.storyboard in Resources */,
				06F207CD1C8C59A200F9ADCD /* Assets.xcassets in Resources */,
				06F207F71C9536FA00F9ADCD /* ArticleDetail.storyboard in Resources */,
				06F207CB1C8C59A200F9ADCD /* Main.storyboard in Resources */,
			);
			runOnlyForDeploymentPostprocessing = 0;
		};
/* End PBXResourcesBuildPhase section */

/* Begin PBXShellScriptBuildPhase section */
		9574C886712F7646A033B207 /* Embed Pods Frameworks */ = {
			isa = PBXShellScriptBuildPhase;
			buildActionMask = 2147483647;
			files = (
			);
			inputPaths = (
			);
			name = "Embed Pods Frameworks";
			outputPaths = (
			);
			runOnlyForDeploymentPostprocessing = 0;
			shellPath = /bin/sh;
			shellScript = "\"${SRCROOT}/Pods/Target Support Files/Pods/Pods-frameworks.sh\"\n";
			showEnvVarsInLog = 0;
		};
		EAF74268BE7403EA8F95EE08 /* Copy Pods Resources */ = {
			isa = PBXShellScriptBuildPhase;
			buildActionMask = 2147483647;
			files = (
			);
			inputPaths = (
			);
			name = "Copy Pods Resources";
			outputPaths = (
			);
			runOnlyForDeploymentPostprocessing = 0;
			shellPath = /bin/sh;
			shellScript = "\"${SRCROOT}/Pods/Target Support Files/Pods/Pods-resources.sh\"\n";
			showEnvVarsInLog = 0;
		};
		F5254AE42BB7D9A696A175AE /* Check Pods Manifest.lock */ = {
			isa = PBXShellScriptBuildPhase;
			buildActionMask = 2147483647;
			files = (
			);
			inputPaths = (
			);
			name = "Check Pods Manifest.lock";
			outputPaths = (
			);
			runOnlyForDeploymentPostprocessing = 0;
			shellPath = /bin/sh;
			shellScript = "diff \"${PODS_ROOT}/../Podfile.lock\" \"${PODS_ROOT}/Manifest.lock\" > /dev/null\nif [[ $? != 0 ]] ; then\n    cat << EOM\nerror: The sandbox is not in sync with the Podfile.lock. Run 'pod install' or update your CocoaPods installation.\nEOM\n    exit 1\nfi\n";
			showEnvVarsInLog = 0;
		};
/* End PBXShellScriptBuildPhase section */

/* Begin PBXSourcesBuildPhase section */
		06F207B61C8C59A100F9ADCD /* Sources */ = {
			isa = PBXSourcesBuildPhase;
			buildActionMask = 2147483647;
			files = (
				06F207E91C8FC86F00F9ADCD /* ResponseModel.m in Sources */,
				06F207DD1C8C7F0D00F9ADCD /* ArticleCell.m in Sources */,
				06F207F41C9535C200F9ADCD /* ArticleDetailViewController.m in Sources */,
				063D44881C9716EE00204B22 /* CommonCell.m in Sources */,
				063D448C1C9719FC00204B22 /* UIView+Frame.m in Sources */,
				06F207E31C8E789200F9ADCD /* TTNetworkTools.m in Sources */,
				06F207E61C8FC7A200F9ADCD /* ArticleModel.m in Sources */,
				06F207D91C8C663000F9ADCD /* LatestArticlesViewController.m in Sources */,
				063D44821C96649800204B22 /* DetailCell.m in Sources */,
				06F207C21C8C59A200F9ADCD /* AppDelegate.m in Sources */,
				06F207BF1C8C59A100F9ADCD /* main.m in Sources */,
				06F207ED1C9323EF00F9ADCD /* ArticleDetailModel.m in Sources */,
			);
			runOnlyForDeploymentPostprocessing = 0;
		};
/* End PBXSourcesBuildPhase section */

/* Begin PBXVariantGroup section */
		06F207C91C8C59A200F9ADCD /* Main.storyboard */ = {
			isa = PBXVariantGroup;
			children = (
				06F207CA1C8C59A200F9ADCD /* Base */,
			);
			name = Main.storyboard;
			sourceTree = "<group>";
		};
		06F207CE1C8C59A200F9ADCD /* LaunchScreen.storyboard */ = {
			isa = PBXVariantGroup;
			children = (
				06F207CF1C8C59A200F9ADCD /* Base */,
			);
			name = LaunchScreen.storyboard;
			sourceTree = "<group>";
		};
/* End PBXVariantGroup section */

/* Begin XCBuildConfiguration section */
		06F207D21C8C59A200F9ADCD /* Debug */ = {
			isa = XCBuildConfiguration;
			buildSettings = {
				ALWAYS_SEARCH_USER_PATHS = NO;
				CLANG_CXX_LANGUAGE_STANDARD = "gnu++0x";
				CLANG_CXX_LIBRARY = "libc++";
				CLANG_ENABLE_MODULES = YES;
				CLANG_ENABLE_OBJC_ARC = YES;
				CLANG_WARN_BOOL_CONVERSION = YES;
				CLANG_WARN_CONSTANT_CONVERSION = YES;
				CLANG_WARN_DIRECT_OBJC_ISA_USAGE = YES_ERROR;
				CLANG_WARN_EMPTY_BODY = YES;
				CLANG_WARN_ENUM_CONVERSION = YES;
				CLANG_WARN_INT_CONVERSION = YES;
				CLANG_WARN_OBJC_ROOT_CLASS = YES_ERROR;
				CLANG_WARN_UNREACHABLE_CODE = YES;
				CLANG_WARN__DUPLICATE_METHOD_MATCH = YES;
				"CODE_SIGN_IDENTITY[sdk=iphoneos*]" = "iPhone Developer";
				COPY_PHASE_STRIP = NO;
				DEBUG_INFORMATION_FORMAT = dwarf;
				ENABLE_STRICT_OBJC_MSGSEND = YES;
				ENABLE_TESTABILITY = YES;
				GCC_C_LANGUAGE_STANDARD = gnu99;
				GCC_DYNAMIC_NO_PIC = NO;
				GCC_NO_COMMON_BLOCKS = YES;
				GCC_OPTIMIZATION_LEVEL = 0;
				GCC_PREPROCESSOR_DEFINITIONS = (
					"DEBUG=1",
					"$(inherited)",
				);
				GCC_WARN_64_TO_32_BIT_CONVERSION = YES;
				GCC_WARN_ABOUT_RETURN_TYPE = YES_ERROR;
				GCC_WARN_UNDECLARED_SELECTOR = YES;
				GCC_WARN_UNINITIALIZED_AUTOS = YES_AGGRESSIVE;
				GCC_WARN_UNUSED_FUNCTION = YES;
				GCC_WARN_UNUSED_VARIABLE = YES;
				IPHONEOS_DEPLOYMENT_TARGET = 9.2;
				MTL_ENABLE_DEBUG_INFO = YES;
				ONLY_ACTIVE_ARCH = YES;
				SDKROOT = iphoneos;
			};
			name = Debug;
		};
		06F207D31C8C59A200F9ADCD /* Release */ = {
			isa = XCBuildConfiguration;
			buildSettings = {
				ALWAYS_SEARCH_USER_PATHS = NO;
				CLANG_CXX_LANGUAGE_STANDARD = "gnu++0x";
				CLANG_CXX_LIBRARY = "libc++";
				CLANG_ENABLE_MODULES = YES;
				CLANG_ENABLE_OBJC_ARC = YES;
				CLANG_WARN_BOOL_CONVERSION = YES;
				CLANG_WARN_CONSTANT_CONVERSION = YES;
				CLANG_WARN_DIRECT_OBJC_ISA_USAGE = YES_ERROR;
				CLANG_WARN_EMPTY_BODY = YES;
				CLANG_WARN_ENUM_CONVERSION = YES;
				CLANG_WARN_INT_CONVERSION = YES;
				CLANG_WARN_OBJC_ROOT_CLASS = YES_ERROR;
				CLANG_WARN_UNREACHABLE_CODE = YES;
				CLANG_WARN__DUPLICATE_METHOD_MATCH = YES;
				"CODE_SIGN_IDENTITY[sdk=iphoneos*]" = "iPhone Developer";
				COPY_PHASE_STRIP = NO;
				DEBUG_INFORMATION_FORMAT = "dwarf-with-dsym";
				ENABLE_NS_ASSERTIONS = NO;
				ENABLE_STRICT_OBJC_MSGSEND = YES;
				GCC_C_LANGUAGE_STANDARD = gnu99;
				GCC_NO_COMMON_BLOCKS = YES;
				GCC_WARN_64_TO_32_BIT_CONVERSION = YES;
				GCC_WARN_ABOUT_RETURN_TYPE = YES_ERROR;
				GCC_WARN_UNDECLARED_SELECTOR = YES;
				GCC_WARN_UNINITIALIZED_AUTOS = YES_AGGRESSIVE;
				GCC_WARN_UNUSED_FUNCTION = YES;
				GCC_WARN_UNUSED_VARIABLE = YES;
				IPHONEOS_DEPLOYMENT_TARGET = 9.2;
				MTL_ENABLE_DEBUG_INFO = NO;
				SDKROOT = iphoneos;
				VALIDATE_PRODUCT = YES;
			};
			name = Release;
		};
		06F207D51C8C59A200F9ADCD /* Debug */ = {
			isa = XCBuildConfiguration;
			baseConfigurationReference = 0815B25C305C247F43AC23A8 /* Pods.debug.xcconfig */;
			buildSettings = {
				ASSETCATALOG_COMPILER_APPICON_NAME = AppIcon;
				GCC_PRECOMPILE_PREFIX_HEADER = YES;
				GCC_PREFIX_HEADER = "$(SRCROOT)/Toutiao/ToutiaoPrefix.pch";
				INFOPLIST_FILE = Toutiao/Info.plist;
				LD_RUNPATH_SEARCH_PATHS = "$(inherited) @executable_path/Frameworks";
				PRODUCT_BUNDLE_IDENTIFIER = com.jym.Toutiao;
				PRODUCT_NAME = "$(TARGET_NAME)";
			};
			name = Debug;
		};
		06F207D61C8C59A200F9ADCD /* Release */ = {
			isa = XCBuildConfiguration;
			baseConfigurationReference = 89179EAE100E49774BE111C5 /* Pods.release.xcconfig */;
			buildSettings = {
				ASSETCATALOG_COMPILER_APPICON_NAME = AppIcon;
				GCC_PRECOMPILE_PREFIX_HEADER = YES;
				GCC_PREFIX_HEADER = "$(SRCROOT)/Toutiao/ToutiaoPrefix.pch";
				INFOPLIST_FILE = Toutiao/Info.plist;
				LD_RUNPATH_SEARCH_PATHS = "$(inherited) @executable_path/Frameworks";
				PRODUCT_BUNDLE_IDENTIFIER = com.jym.Toutiao;
				PRODUCT_NAME = "$(TARGET_NAME)";
			};
			name = Release;
		};
/* End XCBuildConfiguration section */

/* Begin XCConfigurationList section */
		06F207B51C8C59A100F9ADCD /* Build configuration list for PBXProject "Toutiao" */ = {
			isa = XCConfigurationList;
			buildConfigurations = (
				06F207D21C8C59A200F9ADCD /* Debug */,
				06F207D31C8C59A200F9ADCD /* Release */,
			);
			defaultConfigurationIsVisible = 0;
			defaultConfigurationName = Release;
		};
		06F207D41C8C59A200F9ADCD /* Build configuration list for PBXNativeTarget "Toutiao" */ = {
			isa = XCConfigurationList;
			buildConfigurations = (
				06F207D51C8C59A200F9ADCD /* Debug */,
				06F207D61C8C59A200F9ADCD /* Release */,
			);
			defaultConfigurationIsVisible = 0;
			defaultConfigurationName = Release;
		};
/* End XCConfigurationList section */
	};
	rootObject = 06F207B21C8C59A100F9ADCD /* Project object */;
}
